
Microsoft Visual Studio Solution File, Format Version 12.00
# Visual Studio Version 17
VisualStudioVersion = 17.8.34330.188
MinimumVisualStudioVersion = 10.0.40219.1
Project("{FAE04EC0-301F-11D3-BF4B-00C04F79EFBC}") = "CardGamesCSharp", "CardGamesCSharp\CardGamesCSharp.csproj", "{B9AFA846-82FA-433E-B31C-AB9F65901CC4}"
EndProject
Global
	GlobalSection(SolutionConfigurationPlatforms) = preSolution
		Debug|Any CPU = Debug|Any CPU
		Release|Any CPU = Release|Any CPU
	EndGlobalSection
	GlobalSection(ProjectConfigurationPlatforms) = postSolution
		{B9AFA846-82FA-433E-B31C-AB9F65901CC4}.Debug|Any CPU.ActiveCfg = Debug|Any CPU
		{B9AFA846-82FA-433E-B31C-AB9F65901CC4}.Debug|Any CPU.Build.0 = Debug|Any CPU
		{B9AFA846-82FA-433E-B31C-AB9F65901CC4}.Release|Any CPU.ActiveCfg = Release|Any CPU
		{B9AFA846-82FA-433E-B31C-AB9F65901CC4}.Release|Any CPU.Build.0 = Release|Any CPU
	EndGlobalSection
	GlobalSection(SolutionProperties) = preSolution
		HideSolutionNode = FALSE
	EndGlobalSection
	GlobalSection(ExtensibilityGlobals) = postSolution
		SolutionGuid = {3C1B82E2-2BEE-4B8A-AA56-2F81D1E3C7A5}
	EndGlobalSection
EndGlobal
